
Microsoft Visual Studio Solution File, Format Version 12.00
# Visual Studio 15
VisualStudioVersion = 15.0.26730.16
MinimumVisualStudioVersion = 10.0.40219.1
Project("{FAE04EC0-301F-11D3-BF4B-00C04F79EFBC}") = "SGABN", "SGABN\SGABN.csproj", "{D71DFAFC-7146-4602-8FE5-EA5839B70E8E}"
EndProject
Global
	GlobalSection(SolutionConfigurationPlatforms) = preSolution
		Debug|Any CPU = Debug|Any CPU
		Release|Any CPU = Release|Any CPU
	EndGlobalSection
	GlobalSection(ProjectConfigurationPlatforms) = postSolution
		{D71DFAFC-7146-4602-8FE5-EA5839B70E8E}.Debug|Any CPU.ActiveCfg = Debug|Any CPU
		{D71DFAFC-7146-4602-8FE5-EA5839B70E8E}.Debug|Any CPU.Build.0 = Debug|Any CPU
		{D71DFAFC-7146-4602-8FE5-EA5839B70E8E}.Release|Any CPU.ActiveCfg = Release|Any CPU
		{D71DFAFC-7146-4602-8FE5-EA5839B70E8E}.Release|Any CPU.Build.0 = Release|Any CPU
	EndGlobalSection
	GlobalSection(SolutionProperties) = preSolution
		HideSolutionNode = FALSE
	EndGlobalSection
	GlobalSection(ExtensibilityGlobals) = postSolution
		SolutionGuid = {8B6A24A3-F920-46DB-932C-6B807F72A6C2}
	EndGlobalSection
EndGlobal
